
Microsoft Visual Studio Solution File, Format Version 10.00
# Visual Studio 2008
Project("{8BC9CEB8-8B4A-11D0-8D11-00A0C91BC942}") = "T02EYES", "T02EYES.vcproj", "{80999A64-8CF8-4CD0-9C40-655F4582D69F}"
EndProject
Global
	GlobalSection(SolutionConfigurationPlatforms) = preSolution
		Debug|Win32 = Debug|Win32
		Release|Win32 = Release|Win32
	EndGlobalSection
	GlobalSection(ProjectConfigurationPlatforms) = postSolution
		{80999A64-8CF8-4CD0-9C40-655F4582D69F}.Debug|Win32.ActiveCfg = Debug|Win32
		{80999A64-8CF8-4CD0-9C40-655F4582D69F}.Debug|Win32.Build.0 = Debug|Win32
		{80999A64-8CF8-4CD0-9C40-655F4582D69F}.Release|Win32.ActiveCfg = Release|Win32
		{80999A64-8CF8-4CD0-9C40-655F4582D69F}.Release|Win32.Build.0 = Release|Win32
	EndGlobalSection
	GlobalSection(SolutionProperties) = preSolution
		HideSolutionNode = FALSE
	EndGlobalSection
EndGlobal
